
Microsoft Visual Studio Solution File, Format Version 12.00
# Visual Studio Version 17
VisualStudioVersion = 17.14.37012.4 d17.14
MinimumVisualStudioVersion = 10.0.40219.1
Project("{FAE04EC0-301F-11D3-BF4B-00C04F79EFBC}") = "WinFormsApp1", "WinFormsApp1\WinFormsApp1.csproj", "{9E7C8041-0A01-4CF8-B38B-1C3D980F3B01}"
EndProject
Global
	GlobalSection(SolutionConfigurationPlatforms) = preSolution
		Debug|Any CPU = Debug|Any CPU
		Release|Any CPU = Release|Any CPU
	EndGlobalSection
	GlobalSection(ProjectConfigurationPlatforms) = postSolution
		{9E7C8041-0A01-4CF8-B38B-1C3D980F3B01}.Debug|Any CPU.ActiveCfg = Debug|Any CPU
		{9E7C8041-0A01-4CF8-B38B-1C3D980F3B01}.Debug|Any CPU.Build.0 = Debug|Any CPU
		{9E7C8041-0A01-4CF8-B38B-1C3D980F3B01}.Release|Any CPU.ActiveCfg = Release|Any CPU
		{9E7C8041-0A01-4CF8-B38B-1C3D980F3B01}.Release|Any CPU.Build.0 = Release|Any CPU
	EndGlobalSection
	GlobalSection(SolutionProperties) = preSolution
		HideSolutionNode = FALSE
	EndGlobalSection
	GlobalSection(ExtensibilityGlobals) = postSolution
		SolutionGuid = {02893CA1-90DA-4FC8-BE21-D38049F71C52}
	EndGlobalSection
EndGlobal
